// !$*UTF8*$!
{
	archiveVersion = 1;
	classes = {
	};
	objectVersion = 50;
	objects = {

/* Begin PBXBuildFile section */
		A400E62E22B8E86700CA6BB3 /* KBTextWidget.swift in Sources */ = {isa = PBXBuildFile; fileRef = A400E62D22B8E86700CA6BB3 /* KBTextWidget.swift */; };
		A400E63022B904F000CA6BB3 /* KBTextField.swift in Sources */ = {isa = PBXBuildFile; fileRef = A400E62F22B904F000CA6BB3 /* KBTextField.swift */; };
		A400E63322B90D5200CA6BB3 /* KBSlider.swift in Sources */ = {isa = PBXBuildFile; fileRef = A400E63222B90D5200CA6BB3 /* KBSlider.swift */; };
		A4165E5222B7ABBF009E4529 /* KBCountDownWidget.swift in Sources */ = {isa = PBXBuildFile; fileRef = A4165E5122B7ABBF009E4529 /* KBCountDownWidget.swift */; };
		A4165E5422B8DE2E009E4529 /* KBObjectBinding.swift in Sources */ = {isa = PBXBuildFile; fileRef = A4165E5322B8DE2E009E4529 /* KBObjectBinding.swift */; };
		A42DAA6322BBA9E70019EEE6 /* KBLoadMoreList.swift in Sources */ = {isa = PBXBuildFile; fileRef = A42DAA6222BBA9E70019EEE6 /* KBLoadMoreList.swift */; };
		A42DAA6522BBB68E0019EEE6 /* KBSystemImage.swift in Sources */ = {isa = PBXBuildFile; fileRef = A42DAA6422BBB68E0019EEE6 /* KBSystemImage.swift */; };
		A42DAA6722BC79490019EEE6 /* KBButton.swift in Sources */ = {isa = PBXBuildFile; fileRef = A42DAA6622BC79490019EEE6 /* KBButton.swift */; };
		A42DAA6A22BC84430019EEE6 /* KBGradient.swift in Sources */ = {isa = PBXBuildFile; fileRef = A42DAA6922BC84430019EEE6 /* KBGradient.swift */; };
		A430C80822BCCA02007EC1FA /* stmarylake.jpg in Resources */ = {isa = PBXBuildFile; fileRef = A430C7F622BCCA00007EC1FA /* stmarylake.jpg */; };
		A430C80922BCCA02007EC1FA /* twinlake.jpg in Resources */ = {isa = PBXBuildFile; fileRef = A430C7F722BCCA01007EC1FA /* twinlake.jpg */; };
		A430C80A22BCCA02007EC1FA /* icybay.jpg in Resources */ = {isa = PBXBuildFile; fileRef = A430C7F822BCCA01007EC1FA /* icybay.jpg */; };
		A430C80B22BCCA02007EC1FA /* hiddenlake.jpg in Resources */ = {isa = PBXBuildFile; fileRef = A430C7F922BCCA01007EC1FA /* hiddenlake.jpg */; };
		A430C80C22BCCA02007EC1FA /* charleyrivers_feature.jpg in Resources */ = {isa = PBXBuildFile; fileRef = A430C7FA22BCCA01007EC1FA /* charleyrivers_feature.jpg */; };
		A430C80D22BCCA02007EC1FA /* turtlerock.jpg in Resources */ = {isa = PBXBuildFile; fileRef = A430C7FB22BCCA01007EC1FA /* turtlerock.jpg */; };
		A430C80E22BCCA02007EC1FA /* rainbowlake.jpg in Resources */ = {isa = PBXBuildFile; fileRef = A430C7FC22BCCA01007EC1FA /* rainbowlake.jpg */; };
		A430C80F22BCCA02007EC1FA /* lakemcdonald.jpg in Resources */ = {isa = PBXBuildFile; fileRef = A430C7FD22BCCA01007EC1FA /* lakemcdonald.jpg */; };
		A430C81022BCCA02007EC1FA /* silversalmoncreek.jpg in Resources */ = {isa = PBXBuildFile; fileRef = A430C7FE22BCCA01007EC1FA /* silversalmoncreek.jpg */; };
		A430C81122BCCA02007EC1FA /* turtlerock_feature.jpg in Resources */ = {isa = PBXBuildFile; fileRef = A430C7FF22BCCA01007EC1FA /* turtlerock_feature.jpg */; };
		A430C81222BCCA02007EC1FA /* landmarkData.json in Resources */ = {isa = PBXBuildFile; fileRef = A430C80022BCCA01007EC1FA /* landmarkData.json */; };
		A430C81322BCCA02007EC1FA /* hikeData.json in Resources */ = {isa = PBXBuildFile; fileRef = A430C80122BCCA01007EC1FA /* hikeData.json */; };
		A430C81422BCCA02007EC1FA /* umbagog.jpg in Resources */ = {isa = PBXBuildFile; fileRef = A430C80222BCCA01007EC1FA /* umbagog.jpg */; };
		A430C81522BCCA02007EC1FA /* chilkoottrail.jpg in Resources */ = {isa = PBXBuildFile; fileRef = A430C80322BCCA01007EC1FA /* chilkoottrail.jpg */; };
		A430C81622BCCA02007EC1FA /* stmarylake_feature.jpg in Resources */ = {isa = PBXBuildFile; fileRef = A430C80422BCCA01007EC1FA /* stmarylake_feature.jpg */; };
		A430C81722BCCA02007EC1FA /* charleyrivers.jpg in Resources */ = {isa = PBXBuildFile; fileRef = A430C80522BCCA02007EC1FA /* charleyrivers.jpg */; };
		A430C81822BCCA02007EC1FA /* yukon_charleyrivers.jpg in Resources */ = {isa = PBXBuildFile; fileRef = A430C80622BCCA02007EC1FA /* yukon_charleyrivers.jpg */; };
		A430C81922BCCA02007EC1FA /* chincoteague.jpg in Resources */ = {isa = PBXBuildFile; fileRef = A430C80722BCCA02007EC1FA /* chincoteague.jpg */; };
		A430C81B22BCCA29007EC1FA /* KBData.swift in Sources */ = {isa = PBXBuildFile; fileRef = A430C81A22BCCA29007EC1FA /* KBData.swift */; };
		A430C81D22BCCA4B007EC1FA /* KBLandmark.swift in Sources */ = {isa = PBXBuildFile; fileRef = A430C81C22BCCA4B007EC1FA /* KBLandmark.swift */; };
		A430C81F22BCCABA007EC1FA /* KBHike.swift in Sources */ = {isa = PBXBuildFile; fileRef = A430C81E22BCCABA007EC1FA /* KBHike.swift */; };
		A430C82222BCCB1F007EC1FA /* KBHomePage.swift in Sources */ = {isa = PBXBuildFile; fileRef = A430C82122BCCB1F007EC1FA /* KBHomePage.swift */; };
		A430C82422BCCBB3007EC1FA /* KBFeatureLandMarks.swift in Sources */ = {isa = PBXBuildFile; fileRef = A430C82322BCCBB3007EC1FA /* KBFeatureLandMarks.swift */; };
		A430C82622BCD192007EC1FA /* KBCategoryRow.swift in Sources */ = {isa = PBXBuildFile; fileRef = A430C82522BCD192007EC1FA /* KBCategoryRow.swift */; };
		A430C82922BCD98B007EC1FA /* KBLoginPage.swift in Sources */ = {isa = PBXBuildFile; fileRef = A430C82822BCD98B007EC1FA /* KBLoginPage.swift */; };
		A454D10522C34CB00017DDF8 /* KBFaceIDLogin.swift in Sources */ = {isa = PBXBuildFile; fileRef = A454D10422C34CB00017DDF8 /* KBFaceIDLogin.swift */; };
		A454D10822C35C020017DDF8 /* KBModalView.swift in Sources */ = {isa = PBXBuildFile; fileRef = A454D10722C35C020017DDF8 /* KBModalView.swift */; };
		A467B07122B90EC4004737EA /* KBPicker.swift in Sources */ = {isa = PBXBuildFile; fileRef = A467B07022B90EC4004737EA /* KBPicker.swift */; };
		A467B07322B91127004737EA /* KBDatePicker.swift in Sources */ = {isa = PBXBuildFile; fileRef = A467B07222B91127004737EA /* KBDatePicker.swift */; };
		A467B07622B913E0004737EA /* KBSegment.swift in Sources */ = {isa = PBXBuildFile; fileRef = A467B07522B913E0004737EA /* KBSegment.swift */; };
		A467B07922B916E5004737EA /* KBTap.swift in Sources */ = {isa = PBXBuildFile; fileRef = A467B07822B916E5004737EA /* KBTap.swift */; };
		A467B07B22B9D64F004737EA /* KBGesture.swift in Sources */ = {isa = PBXBuildFile; fileRef = A467B07A22B9D64F004737EA /* KBGesture.swift */; };
		A467B07D22B9DBD0004737EA /* KBViewLifecycleEvents.swift in Sources */ = {isa = PBXBuildFile; fileRef = A467B07C22B9DBD0004737EA /* KBViewLifecycleEvents.swift */; };
		A467B07F22BA0AF5004737EA /* KBEnvironmentObject.swift in Sources */ = {isa = PBXBuildFile; fileRef = A467B07E22BA0AF5004737EA /* KBEnvironmentObject.swift */; };
		A467B08222BA0B60004737EA /* KBUserSettings.swift in Sources */ = {isa = PBXBuildFile; fileRef = A467B08122BA0B60004737EA /* KBUserSettings.swift */; };
		A467B08522BA12EE004737EA /* KBStaticList.swift in Sources */ = {isa = PBXBuildFile; fileRef = A467B08422BA12EE004737EA /* KBStaticList.swift */; };
		A467B08722BA144A004737EA /* KBDynamicList.swift in Sources */ = {isa = PBXBuildFile; fileRef = A467B08622BA144A004737EA /* KBDynamicList.swift */; };
		A467B08922BA14DE004737EA /* KBListDetetRow.swift in Sources */ = {isa = PBXBuildFile; fileRef = A467B08822BA14DE004737EA /* KBListDetetRow.swift */; };
		A467B08B22BA1AE0004737EA /* KBSectionList.swift in Sources */ = {isa = PBXBuildFile; fileRef = A467B08A22BA1AE0004737EA /* KBSectionList.swift */; };
		A467B08E22BA1F29004737EA /* KBBasicForm.swift in Sources */ = {isa = PBXBuildFile; fileRef = A467B08D22BA1F29004737EA /* KBBasicForm.swift */; };
		A467B09122BA2CE4004737EA /* KBAlertView.swift in Sources */ = {isa = PBXBuildFile; fileRef = A467B09022BA2CE4004737EA /* KBAlertView.swift */; };
		A467B09322BA304A004737EA /* KBActionSheet.swift in Sources */ = {isa = PBXBuildFile; fileRef = A467B09222BA304A004737EA /* KBActionSheet.swift */; };
		A467B09522BA31D9004737EA /* KBPresentView.swift in Sources */ = {isa = PBXBuildFile; fileRef = A467B09422BA31D9004737EA /* KBPresentView.swift */; };
		A467B09722BA3795004737EA /* KBImage.swift in Sources */ = {isa = PBXBuildFile; fileRef = A467B09622BA3795004737EA /* KBImage.swift */; };
		A467B09B22BA397D004737EA /* KBRotate.swift in Sources */ = {isa = PBXBuildFile; fileRef = A467B09A22BA397D004737EA /* KBRotate.swift */; };
		A467B09D22BA3ED0004737EA /* KBMask.swift in Sources */ = {isa = PBXBuildFile; fileRef = A467B09C22BA3ED0004737EA /* KBMask.swift */; };
		A467B0A022BA532C004737EA /* KBBasicAnimation.swift in Sources */ = {isa = PBXBuildFile; fileRef = A467B09F22BA532C004737EA /* KBBasicAnimation.swift */; };
		A467B0A322BA54B5004737EA /* KBSpringAnimation.swift in Sources */ = {isa = PBXBuildFile; fileRef = A467B0A222BA54B5004737EA /* KBSpringAnimation.swift */; };
		A467B0A622BA5FC8004737EA /* KBTransition.swift in Sources */ = {isa = PBXBuildFile; fileRef = A467B0A522BA5FC8004737EA /* KBTransition.swift */; };
		A467B0A822BA6296004737EA /* KBCombineText.swift in Sources */ = {isa = PBXBuildFile; fileRef = A467B0A722BA6296004737EA /* KBCombineText.swift */; };
		A467B0AB22BA66D9004737EA /* KBCustomModifiers.swift in Sources */ = {isa = PBXBuildFile; fileRef = A467B0AA22BA66D9004737EA /* KBCustomModifiers.swift */; };
		A48715EC22BC8A3000F53BAB /* KBScrollView.swift in Sources */ = {isa = PBXBuildFile; fileRef = A48715EB22BC8A3000F53BAB /* KBScrollView.swift */; };
		A498701C22C1CE36009B3442 /* KBCoreMLPage.swift in Sources */ = {isa = PBXBuildFile; fileRef = A498701B22C1CE36009B3442 /* KBCoreMLPage.swift */; };
		A498701F22C1F306009B3442 /* KBMessageChatPage.swift in Sources */ = {isa = PBXBuildFile; fileRef = A498701E22C1F306009B3442 /* KBMessageChatPage.swift */; };
		A498702222C201F7009B3442 /* KBPageViewController.swift in Sources */ = {isa = PBXBuildFile; fileRef = A498702122C201F7009B3442 /* KBPageViewController.swift */; };
		A498702522C20378009B3442 /* KBPageView.swift in Sources */ = {isa = PBXBuildFile; fileRef = A498702422C20378009B3442 /* KBPageView.swift */; };
		A49A345922BA68E300D98171 /* KBDartAndLightMode.swift in Sources */ = {isa = PBXBuildFile; fileRef = A49A345822BA68E300D98171 /* KBDartAndLightMode.swift */; };
		A49A345B22BB2B5A00D98171 /* KBShapes.swift in Sources */ = {isa = PBXBuildFile; fileRef = A49A345A22BB2B5A00D98171 /* KBShapes.swift */; };
		A49A345D22BB2C9600D98171 /* KBZStack.swift in Sources */ = {isa = PBXBuildFile; fileRef = A49A345C22BB2C9600D98171 /* KBZStack.swift */; };
		A49A346022BB51C500D98171 /* KBTabView.swift in Sources */ = {isa = PBXBuildFile; fileRef = A49A345F22BB51C500D98171 /* KBTabView.swift */; };
		A4A1182622B72FB8007E3741 /* KBBinding.swift in Sources */ = {isa = PBXBuildFile; fileRef = A4A1182522B72FB8007E3741 /* KBBinding.swift */; };
		A4CB71EB22B27A300039B6C9 /* AppDelegate.swift in Sources */ = {isa = PBXBuildFile; fileRef = A4CB71EA22B27A300039B6C9 /* AppDelegate.swift */; };
		A4CB71ED22B27A300039B6C9 /* SceneDelegate.swift in Sources */ = {isa = PBXBuildFile; fileRef = A4CB71EC22B27A300039B6C9 /* SceneDelegate.swift */; };
		A4CB71EF22B27A300039B6C9 /* ContentView.swift in Sources */ = {isa = PBXBuildFile; fileRef = A4CB71EE22B27A300039B6C9 /* ContentView.swift */; };
		A4CB71F122B27A320039B6C9 /* Assets.xcassets in Resources */ = {isa = PBXBuildFile; fileRef = A4CB71F022B27A320039B6C9 /* Assets.xcassets */; };
		A4CB71F422B27A320039B6C9 /* Preview Assets.xcassets in Resources */ = {isa = PBXBuildFile; fileRef = A4CB71F322B27A320039B6C9 /* Preview Assets.xcassets */; };
		A4CB71F722B27A320039B6C9 /* LaunchScreen.storyboard in Resources */ = {isa = PBXBuildFile; fileRef = A4CB71F522B27A320039B6C9 /* LaunchScreen.storyboard */; };
		A4CB720122B3B8E40039B6C9 /* KBState.swift in Sources */ = {isa = PBXBuildFile; fileRef = A4CB720022B3B8E40039B6C9 /* KBState.swift */; };
		A4F74E2122C206260061C103 /* KBMultilineTextView.swift in Sources */ = {isa = PBXBuildFile; fileRef = A4F74E2022C206260061C103 /* KBMultilineTextView.swift */; };
/* End PBXBuildFile section */

/* Begin PBXFileReference section */
		A400E62D22B8E86700CA6BB3 /* KBTextWidget.swift */ = {isa = PBXFileReference; lastKnownFileType = sourcecode.swift; path = KBTextWidget.swift; sourceTree = "<group>"; };
		A400E62F22B904F000CA6BB3 /* KBTextField.swift */ = {isa = PBXFileReference; lastKnownFileType = sourcecode.swift; path = KBTextField.swift; sourceTree = "<group>"; };
		A400E63222B90D5200CA6BB3 /* KBSlider.swift */ = {isa = PBXFileReference; lastKnownFileType = sourcecode.swift; path = KBSlider.swift; sourceTree = "<group>"; };
		A4165E5122B7ABBF009E4529 /* KBCountDownWidget.swift */ = {isa = PBXFileReference; lastKnownFileType = sourcecode.swift; path = KBCountDownWidget.swift; sourceTree = "<group>"; };
		A4165E5322B8DE2E009E4529 /* KBObjectBinding.swift */ = {isa = PBXFileReference; lastKnownFileType = sourcecode.swift; path = KBObjectBinding.swift; sourceTree = "<group>"; };
		A42DAA6222BBA9E70019EEE6 /* KBLoadMoreList.swift */ = {isa = PBXFileReference; lastKnownFileType = sourcecode.swift; path = KBLoadMoreList.swift; sourceTree = "<group>"; };
		A42DAA6422BBB68E0019EEE6 /* KBSystemImage.swift */ = {isa = PBXFileReference; lastKnownFileType = sourcecode.swift; path = KBSystemImage.swift; sourceTree = "<group>"; };
		A42DAA6622BC79490019EEE6 /* KBButton.swift */ = {isa = PBXFileReference; lastKnownFileType = sourcecode.swift; path = KBButton.swift; sourceTree = "<group>"; };
		A42DAA6922BC84430019EEE6 /* KBGradient.swift */ = {isa = PBXFileReference; lastKnownFileType = sourcecode.swift; path = KBGradient.swift; sourceTree = "<group>"; };
		A430C7F622BCCA00007EC1FA /* stmarylake.jpg */ = {isa = PBXFileReference; lastKnownFileType = image.jpeg; path = stmarylake.jpg; sourceTree = "<group>"; };
		A430C7F722BCCA01007EC1FA /* twinlake.jpg */ = {isa = PBXFileReference; lastKnownFileType = image.jpeg; path = twinlake.jpg; sourceTree = "<group>"; };
		A430C7F822BCCA01007EC1FA /* icybay.jpg */ = {isa = PBXFileReference; lastKnownFileType = image.jpeg; path = icybay.jpg; sourceTree = "<group>"; };
		A430C7F922BCCA01007EC1FA /* hiddenlake.jpg */ = {isa = PBXFileReference; lastKnownFileType = image.jpeg; path = hiddenlake.jpg; sourceTree = "<group>"; };
		A430C7FA22BCCA01007EC1FA /* charleyrivers_feature.jpg */ = {isa = PBXFileReference; lastKnownFileType = image.jpeg; path = charleyrivers_feature.jpg; sourceTree = "<group>"; };
		A430C7FB22BCCA01007EC1FA /* turtlerock.jpg */ = {isa = PBXFileReference; lastKnownFileType = image.jpeg; path = turtlerock.jpg; sourceTree = "<group>"; };
		A430C7FC22BCCA01007EC1FA /* rainbowlake.jpg */ = {isa = PBXFileReference; lastKnownFileType = image.jpeg; path = rainbowlake.jpg; sourceTree = "<group>"; };
		A430C7FD22BCCA01007EC1FA /* lakemcdonald.jpg */ = {isa = PBXFileReference; lastKnownFileType = image.jpeg; path = lakemcdonald.jpg; sourceTree = "<group>"; };
		A430C7FE22BCCA01007EC1FA /* silversalmoncreek.jpg */ = {isa = PBXFileReference; lastKnownFileType = image.jpeg; path = silversalmoncreek.jpg; sourceTree = "<group>"; };
		A430C7FF22BCCA01007EC1FA /* turtlerock_feature.jpg */ = {isa = PBXFileReference; lastKnownFileType = image.jpeg; path = turtlerock_feature.jpg; sourceTree = "<group>"; };
		A430C80022BCCA01007EC1FA /* landmarkData.json */ = {isa = PBXFileReference; fileEncoding = 4; lastKnownFileType = text.json; path = landmarkData.json; sourceTree = "<group>"; };
		A430C80122BCCA01007EC1FA /* hikeData.json */ = {isa = PBXFileReference; fileEncoding = 4; lastKnownFileType = text.json; path = hikeData.json; sourceTree = "<group>"; };
		A430C80222BCCA01007EC1FA /* umbagog.jpg */ = {isa = PBXFileReference; lastKnownFileType = image.jpeg; path = umbagog.jpg; sourceTree = "<group>"; };
		A430C80322BCCA01007EC1FA /* chilkoottrail.jpg */ = {isa = PBXFileReference; lastKnownFileType = image.jpeg; path = chilkoottrail.jpg; sourceTree = "<group>"; };
		A430C80422BCCA01007EC1FA /* stmarylake_feature.jpg */ = {isa = PBXFileReference; lastKnownFileType = image.jpeg; path = stmarylake_feature.jpg; sourceTree = "<group>"; };
		A430C80522BCCA02007EC1FA /* charleyrivers.jpg */ = {isa = PBXFileReference; lastKnownFileType = image.jpeg; path = charleyrivers.jpg; sourceTree = "<group>"; };
		A430C80622BCCA02007EC1FA /* yukon_charleyrivers.jpg */ = {isa = PBXFileReference; lastKnownFileType = image.jpeg; path = yukon_charleyrivers.jpg; sourceTree = "<group>"; };
		A430C80722BCCA02007EC1FA /* chincoteague.jpg */ = {isa = PBXFileReference; lastKnownFileType = image.jpeg; path = chincoteague.jpg; sourceTree = "<group>"; };
		A430C81A22BCCA29007EC1FA /* KBData.swift */ = {isa = PBXFileReference; lastKnownFileType = sourcecode.swift; path = KBData.swift; sourceTree = "<group>"; };
		A430C81C22BCCA4B007EC1FA /* KBLandmark.swift */ = {isa = PBXFileReference; lastKnownFileType = sourcecode.swift; path = KBLandmark.swift; sourceTree = "<group>"; };
		A430C81E22BCCABA007EC1FA /* KBHike.swift */ = {isa = PBXFileReference; lastKnownFileType = sourcecode.swift; path = KBHike.swift; sourceTree = "<group>"; };
		A430C82122BCCB1F007EC1FA /* KBHomePage.swift */ = {isa = PBXFileReference; lastKnownFileType = sourcecode.swift; path = KBHomePage.swift; sourceTree = "<group>"; };
		A430C82322BCCBB3007EC1FA /* KBFeatureLandMarks.swift */ = {isa = PBXFileReference; lastKnownFileType = sourcecode.swift; path = KBFeatureLandMarks.swift; sourceTree = "<group>"; };
		A430C82522BCD192007EC1FA /* KBCategoryRow.swift */ = {isa = PBXFileReference; lastKnownFileType = sourcecode.swift; path = KBCategoryRow.swift; sourceTree = "<group>"; };
		A430C82822BCD98B007EC1FA /* KBLoginPage.swift */ = {isa = PBXFileReference; lastKnownFileType = sourcecode.swift; path = KBLoginPage.swift; sourceTree = "<group>"; };
		A454D10422C34CB00017DDF8 /* KBFaceIDLogin.swift */ = {isa = PBXFileReference; lastKnownFileType = sourcecode.swift; path = KBFaceIDLogin.swift; sourceTree = "<group>"; };
		A454D10722C35C020017DDF8 /* KBModalView.swift */ = {isa = PBXFileReference; lastKnownFileType = sourcecode.swift; path = KBModalView.swift; sourceTree = "<group>"; };
		A467B07022B90EC4004737EA /* KBPicker.swift */ = {isa = PBXFileReference; lastKnownFileType = sourcecode.swift; path = KBPicker.swift; sourceTree = "<group>"; };
		A467B07222B91127004737EA /* KBDatePicker.swift */ = {isa = PBXFileReference; lastKnownFileType = sourcecode.swift; path = KBDatePicker.swift; sourceTree = "<group>"; };
		A467B07522B913E0004737EA /* KBSegment.swift */ = {isa = PBXFileReference; lastKnownFileType = sourcecode.swift; path = KBSegment.swift; sourceTree = "<group>"; };
		A467B07822B916E5004737EA /* KBTap.swift */ = {isa = PBXFileReference; lastKnownFileType = sourcecode.swift; path = KBTap.swift; sourceTree = "<group>"; };
		A467B07A22B9D64F004737EA /* KBGesture.swift */ = {isa = PBXFileReference; lastKnownFileType = sourcecode.swift; path = KBGesture.swift; sourceTree = "<group>"; };
		A467B07C22B9DBD0004737EA /* KBViewLifecycleEvents.swift */ = {isa = PBXFileReference; lastKnownFileType = sourcecode.swift; path = KBViewLifecycleEvents.swift; sourceTree = "<group>"; };
		A467B07E22BA0AF5004737EA /* KBEnvironmentObject.swift */ = {isa = PBXFileReference; lastKnownFileType = sourcecode.swift; path = KBEnvironmentObject.swift; sourceTree = "<group>"; };
		A467B08122BA0B60004737EA /* KBUserSettings.swift */ = {isa = PBXFileReference; lastKnownFileType = sourcecode.swift; path = KBUserSettings.swift; sourceTree = "<group>"; };
		A467B08422BA12EE004737EA /* KBStaticList.swift */ = {isa = PBXFileReference; lastKnownFileType = sourcecode.swift; path = KBStaticList.swift; sourceTree = "<group>"; };
		A467B08622BA144A004737EA /* KBDynamicList.swift */ = {isa = PBXFileReference; lastKnownFileType = sourcecode.swift; path = KBDynamicList.swift; sourceTree = "<group>"; };
		A467B08822BA14DE004737EA /* KBListDetetRow.swift */ = {isa = PBXFileReference; lastKnownFileType = sourcecode.swift; path = KBListDetetRow.swift; sourceTree = "<group>"; };
		A467B08A22BA1AE0004737EA /* KBSectionList.swift */ = {isa = PBXFileReference; lastKnownFileType = sourcecode.swift; path = KBSectionList.swift; sourceTree = "<group>"; };
		A467B08D22BA1F29004737EA /* KBBasicForm.swift */ = {isa = PBXFileReference; lastKnownFileType = sourcecode.swift; path = KBBasicForm.swift; sourceTree = "<group>"; };
		A467B09022BA2CE4004737EA /* KBAlertView.swift */ = {isa = PBXFileReference; lastKnownFileType = sourcecode.swift; path = KBAlertView.swift; sourceTree = "<group>"; };
		A467B09222BA304A004737EA /* KBActionSheet.swift */ = {isa = PBXFileReference; lastKnownFileType = sourcecode.swift; path = KBActionSheet.swift; sourceTree = "<group>"; };
		A467B09422BA31D9004737EA /* KBPresentView.swift */ = {isa = PBXFileReference; lastKnownFileType = sourcecode.swift; path = KBPresentView.swift; sourceTree = "<group>"; };
		A467B09622BA3795004737EA /* KBImage.swift */ = {isa = PBXFileReference; lastKnownFileType = sourcecode.swift; path = KBImage.swift; sourceTree = "<group>"; };
		A467B09A22BA397D004737EA /* KBRotate.swift */ = {isa = PBXFileReference; lastKnownFileType = sourcecode.swift; path = KBRotate.swift; sourceTree = "<group>"; };
		A467B09C22BA3ED0004737EA /* KBMask.swift */ = {isa = PBXFileReference; lastKnownFileType = sourcecode.swift; path = KBMask.swift; sourceTree = "<group>"; };
		A467B09F22BA532C004737EA /* KBBasicAnimation.swift */ = {isa = PBXFileReference; lastKnownFileType = sourcecode.swift; path = KBBasicAnimation.swift; sourceTree = "<group>"; };
		A467B0A222BA54B5004737EA /* KBSpringAnimation.swift */ = {isa = PBXFileReference; lastKnownFileType = sourcecode.swift; path = KBSpringAnimation.swift; sourceTree = "<group>"; };
		A467B0A522BA5FC8004737EA /* KBTransition.swift */ = {isa = PBXFileReference; lastKnownFileType = sourcecode.swift; path = KBTransition.swift; sourceTree = "<group>"; };
		A467B0A722BA6296004737EA /* KBCombineText.swift */ = {isa = PBXFileReference; lastKnownFileType = sourcecode.swift; path = KBCombineText.swift; sourceTree = "<group>"; };
		A467B0AA22BA66D9004737EA /* KBCustomModifiers.swift */ = {isa = PBXFileReference; lastKnownFileType = sourcecode.swift; path = KBCustomModifiers.swift; sourceTree = "<group>"; };
		A48715EB22BC8A3000F53BAB /* KBScrollView.swift */ = {isa = PBXFileReference; lastKnownFileType = sourcecode.swift; path = KBScrollView.swift; sourceTree = "<group>"; };
		A498701B22C1CE36009B3442 /* KBCoreMLPage.swift */ = {isa = PBXFileReference; fileEncoding = 4; lastKnownFileType = sourcecode.swift; path = KBCoreMLPage.swift; sourceTree = "<group>"; };
		A498701E22C1F306009B3442 /* KBMessageChatPage.swift */ = {isa = PBXFileReference; lastKnownFileType = sourcecode.swift; path = KBMessageChatPage.swift; sourceTree = "<group>"; };
		A498702122C201F7009B3442 /* KBPageViewController.swift */ = {isa = PBXFileReference; lastKnownFileType = sourcecode.swift; path = KBPageViewController.swift; sourceTree = "<group>"; };
		A498702422C20378009B3442 /* KBPageView.swift */ = {isa = PBXFileReference; lastKnownFileType = sourcecode.swift; path = KBPageView.swift; sourceTree = "<group>"; };
		A49A345822BA68E300D98171 /* KBDartAndLightMode.swift */ = {isa = PBXFileReference; lastKnownFileType = sourcecode.swift; path = KBDartAndLightMode.swift; sourceTree = "<group>"; };
		A49A345A22BB2B5A00D98171 /* KBShapes.swift */ = {isa = PBXFileReference; lastKnownFileType = sourcecode.swift; path = KBShapes.swift; sourceTree = "<group>"; };
		A49A345C22BB2C9600D98171 /* KBZStack.swift */ = {isa = PBXFileReference; lastKnownFileType = sourcecode.swift; path = KBZStack.swift; sourceTree = "<group>"; };
		A49A345F22BB51C500D98171 /* KBTabView.swift */ = {isa = PBXFileReference; lastKnownFileType = sourcecode.swift; path = KBTabView.swift; sourceTree = "<group>"; };
		A4A1182522B72FB8007E3741 /* KBBinding.swift */ = {isa = PBXFileReference; lastKnownFileType = sourcecode.swift; path = KBBinding.swift; sourceTree = "<group>"; };
		A4CB71E722B27A300039B6C9 /* KBSwiftUI.app */ = {isa = PBXFileReference; explicitFileType = wrapper.application; includeInIndex = 0; path = KBSwiftUI.app; sourceTree = BUILT_PRODUCTS_DIR; };
		A4CB71EA22B27A300039B6C9 /* AppDelegate.swift */ = {isa = PBXFileReference; lastKnownFileType = sourcecode.swift; path = AppDelegate.swift; sourceTree = "<group>"; };
		A4CB71EC22B27A300039B6C9 /* SceneDelegate.swift */ = {isa = PBXFileReference; lastKnownFileType = sourcecode.swift; path = SceneDelegate.swift; sourceTree = "<group>"; };
		A4CB71EE22B27A300039B6C9 /* ContentView.swift */ = {isa = PBXFileReference; lastKnownFileType = sourcecode.swift; path = ContentView.swift; sourceTree = "<group>"; };
		A4CB71F022B27A320039B6C9 /* Assets.xcassets */ = {isa = PBXFileReference; lastKnownFileType = folder.assetcatalog; path = Assets.xcassets; sourceTree = "<group>"; };
		A4CB71F322B27A320039B6C9 /* Preview Assets.xcassets */ = {isa = PBXFileReference; lastKnownFileType = folder.assetcatalog; path = "Preview Assets.xcassets"; sourceTree = "<group>"; };
		A4CB71F622B27A320039B6C9 /* Base */ = {isa = PBXFileReference; lastKnownFileType = file.storyboard; name = Base; path = Base.lproj/LaunchScreen.storyboard; sourceTree = "<group>"; };
		A4CB71F822B27A320039B6C9 /* Info.plist */ = {isa = PBXFileReference; lastKnownFileType = text.plist.xml; path = Info.plist; sourceTree = "<group>"; };
		A4CB720022B3B8E40039B6C9 /* KBState.swift */ = {isa = PBXFileReference; lastKnownFileType = sourcecode.swift; path = KBState.swift; sourceTree = "<group>"; };
		A4F74E2022C206260061C103 /* KBMultilineTextView.swift */ = {isa = PBXFileReference; fileEncoding = 4; lastKnownFileType = sourcecode.swift; path = KBMultilineTextView.swift; sourceTree = "<group>"; };
/* End PBXFileReference section */

/* Begin PBXFrameworksBuildPhase section */
		A4CB71E422B27A300039B6C9 /* Frameworks */ = {
			isa = PBXFrameworksBuildPhase;
			buildActionMask = 2147483647;
			files = (
			);
			runOnlyForDeploymentPostprocessing = 0;
		};
/* End PBXFrameworksBuildPhase section */

/* Begin PBXGroup section */
		A400E62922B8E7DB00CA6BB3 /* View&Controls */ = {
			isa = PBXGroup;
			children = (
				A454D10622C35BE00017DDF8 /* Modal */,
				A48715E922BC885500F53BAB /* ScrollView */,
				A42DAA6822BC84340019EEE6 /* Gradient */,
				A49A345E22BB51B900D98171 /* TabView */,
				A467B08F22BA2CD2004737EA /* Presentations */,
				A467B08C22BA1EE7004737EA /* Form */,
				A467B08322BA12B8004737EA /* List */,
				A467B07422B913C3004737EA /* Segment */,
				A467B06F22B90EB3004737EA /* Picker */,
				A400E63122B90D3F00CA6BB3 /* Slider */,
				A400E62C22B8E83400CA6BB3 /* Buttons */,
				A400E62B22B8E82C00CA6BB3 /* Images */,
				A400E62A22B8E81300CA6BB3 /* Text */,
			);
			path = "View&Controls";
			sourceTree = "<group>";
		};
		A400E62A22B8E81300CA6BB3 /* Text */ = {
			isa = PBXGroup;
			children = (
				A400E62D22B8E86700CA6BB3 /* KBTextWidget.swift */,
				A400E62F22B904F000CA6BB3 /* KBTextField.swift */,
				A467B0A722BA6296004737EA /* KBCombineText.swift */,
			);
			path = Text;
			sourceTree = "<group>";
		};
		A400E62B22B8E82C00CA6BB3 /* Images */ = {
			isa = PBXGroup;
			children = (
				A467B09622BA3795004737EA /* KBImage.swift */,
				A49A345A22BB2B5A00D98171 /* KBShapes.swift */,
				A42DAA6422BBB68E0019EEE6 /* KBSystemImage.swift */,
			);
			path = Images;
			sourceTree = "<group>";
		};
		A400E62C22B8E83400CA6BB3 /* Buttons */ = {
			isa = PBXGroup;
			children = (
				A42DAA6622BC79490019EEE6 /* KBButton.swift */,
			);
			path = Buttons;
			sourceTree = "<group>";
		};
		A400E63122B90D3F00CA6BB3 /* Slider */ = {
			isa = PBXGroup;
			children = (
				A400E63222B90D5200CA6BB3 /* KBSlider.swift */,
			);
			path = Slider;
			sourceTree = "<group>";
		};
		A4165E5022B7AB91009E4529 /* Widget */ = {
			isa = PBXGroup;
			children = (
				A4165E5122B7ABBF009E4529 /* KBCountDownWidget.swift */,
				A430C82322BCCBB3007EC1FA /* KBFeatureLandMarks.swift */,
				A430C82522BCD192007EC1FA /* KBCategoryRow.swift */,
			);
			path = Widget;
			sourceTree = "<group>";
		};
		A42DAA6822BC84340019EEE6 /* Gradient */ = {
			isa = PBXGroup;
			children = (
				A42DAA6922BC84430019EEE6 /* KBGradient.swift */,
			);
			path = Gradient;
			sourceTree = "<group>";
		};
		A430C7F522BCC9E4007EC1FA /* Resouces */ = {
			isa = PBXGroup;
			children = (
				A430C7FA22BCCA01007EC1FA /* charleyrivers_feature.jpg */,
				A430C80522BCCA02007EC1FA /* charleyrivers.jpg */,
				A430C80322BCCA01007EC1FA /* chilkoottrail.jpg */,
				A430C80722BCCA02007EC1FA /* chincoteague.jpg */,
				A430C7F922BCCA01007EC1FA /* hiddenlake.jpg */,
				A430C80122BCCA01007EC1FA /* hikeData.json */,
				A430C7F822BCCA01007EC1FA /* icybay.jpg */,
				A430C7FD22BCCA01007EC1FA /* lakemcdonald.jpg */,
				A430C80022BCCA01007EC1FA /* landmarkData.json */,
				A430C7FC22BCCA01007EC1FA /* rainbowlake.jpg */,
				A430C7FE22BCCA01007EC1FA /* silversalmoncreek.jpg */,
				A430C80422BCCA01007EC1FA /* stmarylake_feature.jpg */,
				A430C7F622BCCA00007EC1FA /* stmarylake.jpg */,
				A430C7FF22BCCA01007EC1FA /* turtlerock_feature.jpg */,
				A430C7FB22BCCA01007EC1FA /* turtlerock.jpg */,
				A430C7F722BCCA01007EC1FA /* twinlake.jpg */,
				A430C80222BCCA01007EC1FA /* umbagog.jpg */,
				A430C80622BCCA02007EC1FA /* yukon_charleyrivers.jpg */,
			);
			path = Resouces;
			sourceTree = "<group>";
		};
		A430C82022BCCB12007EC1FA /* Page */ = {
			isa = PBXGroup;
			children = (
				A498701D22C1F2F5009B3442 /* Chat */,
				A45B2E2D22C1B8AD0070717E /* CoreML */,
				A430C82722BCD97D007EC1FA /* Login */,
				A430C82122BCCB1F007EC1FA /* KBHomePage.swift */,
			);
			path = Page;
			sourceTree = "<group>";
		};
		A430C82722BCD97D007EC1FA /* Login */ = {
			isa = PBXGroup;
			children = (
				A430C82822BCD98B007EC1FA /* KBLoginPage.swift */,
				A454D10422C34CB00017DDF8 /* KBFaceIDLogin.swift */,
			);
			path = Login;
			sourceTree = "<group>";
		};
		A454D10622C35BE00017DDF8 /* Modal */ = {
			isa = PBXGroup;
			children = (
				A454D10722C35C020017DDF8 /* KBModalView.swift */,
			);
			path = Modal;
			sourceTree = "<group>";
		};
		A45B2E2D22C1B8AD0070717E /* CoreML */ = {
			isa = PBXGroup;
			children = (
				A498701B22C1CE36009B3442 /* KBCoreMLPage.swift */,
			);
			path = CoreML;
			sourceTree = "<group>";
		};
		A467B06F22B90EB3004737EA /* Picker */ = {
			isa = PBXGroup;
			children = (
				A467B07022B90EC4004737EA /* KBPicker.swift */,
				A467B07222B91127004737EA /* KBDatePicker.swift */,
			);
			path = Picker;
			sourceTree = "<group>";
		};
		A467B07422B913C3004737EA /* Segment */ = {
			isa = PBXGroup;
			children = (
				A467B07522B913E0004737EA /* KBSegment.swift */,
			);
			path = Segment;
			sourceTree = "<group>";
		};
		A467B07722B916A2004737EA /* Gesture&Tap */ = {
			isa = PBXGroup;
			children = (
				A467B07822B916E5004737EA /* KBTap.swift */,
				A467B07A22B9D64F004737EA /* KBGesture.swift */,
			);
			path = "Gesture&Tap";
			sourceTree = "<group>";
		};
		A467B08022BA0B4E004737EA /* Model */ = {
			isa = PBXGroup;
			children = (
				A467B08122BA0B60004737EA /* KBUserSettings.swift */,
				A430C81A22BCCA29007EC1FA /* KBData.swift */,
				A430C81C22BCCA4B007EC1FA /* KBLandmark.swift */,
				A430C81E22BCCABA007EC1FA /* KBHike.swift */,
			);
			path = Model;
			sourceTree = "<group>";
		};
		A467B08322BA12B8004737EA /* List */ = {
			isa = PBXGroup;
			children = (
				A467B08422BA12EE004737EA /* KBStaticList.swift */,
				A467B08622BA144A004737EA /* KBDynamicList.swift */,
				A467B08822BA14DE004737EA /* KBListDetetRow.swift */,
				A467B08A22BA1AE0004737EA /* KBSectionList.swift */,
				A42DAA6222BBA9E70019EEE6 /* KBLoadMoreList.swift */,
			);
			path = List;
			sourceTree = "<group>";
		};
		A467B08C22BA1EE7004737EA /* Form */ = {
			isa = PBXGroup;
			children = (
				A467B08D22BA1F29004737EA /* KBBasicForm.swift */,
			);
			path = Form;
			sourceTree = "<group>";
		};
		A467B08F22BA2CD2004737EA /* Presentations */ = {
			isa = PBXGroup;
			children = (
				A467B09022BA2CE4004737EA /* KBAlertView.swift */,
				A467B09222BA304A004737EA /* KBActionSheet.swift */,
				A467B09422BA31D9004737EA /* KBPresentView.swift */,
			);
			path = Presentations;
			sourceTree = "<group>";
		};
		A467B09822BA38CF004737EA /* Animation */ = {
			isa = PBXGroup;
			children = (
				A467B0A422BA5FB0004737EA /* AddAndRemoveViews */,
				A467B0A122BA5496004737EA /* Spring */,
				A467B09E22BA5317004737EA /* BasicAnimation */,
				A467B09922BA3901004737EA /* Rotate */,
			);
			path = Animation;
			sourceTree = "<group>";
		};
		A467B09922BA3901004737EA /* Rotate */ = {
			isa = PBXGroup;
			children = (
				A467B09A22BA397D004737EA /* KBRotate.swift */,
			);
			path = Rotate;
			sourceTree = "<group>";
		};
		A467B09E22BA5317004737EA /* BasicAnimation */ = {
			isa = PBXGroup;
			children = (
				A467B09F22BA532C004737EA /* KBBasicAnimation.swift */,
			);
			path = BasicAnimation;
			sourceTree = "<group>";
		};
		A467B0A122BA5496004737EA /* Spring */ = {
			isa = PBXGroup;
			children = (
				A467B0A222BA54B5004737EA /* KBSpringAnimation.swift */,
			);
			path = Spring;
			sourceTree = "<group>";
		};
		A467B0A422BA5FB0004737EA /* AddAndRemoveViews */ = {
			isa = PBXGroup;
			children = (
				A467B0A522BA5FC8004737EA /* KBTransition.swift */,
			);
			path = AddAndRemoveViews;
			sourceTree = "<group>";
		};
		A467B0A922BA66C5004737EA /* Custom */ = {
			isa = PBXGroup;
			children = (
				A467B0AA22BA66D9004737EA /* KBCustomModifiers.swift */,
			);
			path = Custom;
			sourceTree = "<group>";
		};
		A467B0AC22BA679D004737EA /* Theme */ = {
			isa = PBXGroup;
			children = (
				A49A345822BA68E300D98171 /* KBDartAndLightMode.swift */,
			);
			path = Theme;
			sourceTree = "<group>";
		};
		A48715E922BC885500F53BAB /* ScrollView */ = {
			isa = PBXGroup;
			children = (
				A48715EB22BC8A3000F53BAB /* KBScrollView.swift */,
			);
			path = ScrollView;
			sourceTree = "<group>";
		};
		A498701D22C1F2F5009B3442 /* Chat */ = {
			isa = PBXGroup;
			children = (
				A498701E22C1F306009B3442 /* KBMessageChatPage.swift */,
			);
			path = Chat;
			sourceTree = "<group>";
		};
		A498702022C20054009B3442 /* WrapperUIKit */ = {
			isa = PBXGroup;
			children = (
				A4F74E1F22C206260061C103 /* MutilineTextView */,
				A498702322C2035F009B3442 /* PageViewController */,
			);
			path = WrapperUIKit;
			sourceTree = "<group>";
		};
		A498702322C2035F009B3442 /* PageViewController */ = {
			isa = PBXGroup;
			children = (
				A498702122C201F7009B3442 /* KBPageViewController.swift */,
				A498702422C20378009B3442 /* KBPageView.swift */,
			);
			path = PageViewController;
			sourceTree = "<group>";
		};
		A49A345E22BB51B900D98171 /* TabView */ = {
			isa = PBXGroup;
			children = (
				A49A345F22BB51C500D98171 /* KBTabView.swift */,
			);
			path = TabView;
			sourceTree = "<group>";
		};
		A4CB71DE22B27A300039B6C9 = {
			isa = PBXGroup;
			children = (
				A4CB71E922B27A300039B6C9 /* KBSwiftUI */,
				A4CB71E822B27A300039B6C9 /* Products */,
			);
			sourceTree = "<group>";
		};
		A4CB71E822B27A300039B6C9 /* Products */ = {
			isa = PBXGroup;
			children = (
				A4CB71E722B27A300039B6C9 /* KBSwiftUI.app */,
			);
			name = Products;
			sourceTree = "<group>";
		};
		A4CB71E922B27A300039B6C9 /* KBSwiftUI */ = {
			isa = PBXGroup;
			children = (
				A430C82022BCCB12007EC1FA /* Page */,
				A430C7F522BCC9E4007EC1FA /* Resouces */,
				A467B08022BA0B4E004737EA /* Model */,
				A4165E5022B7AB91009E4529 /* Widget */,
				A4CB71FE22B3B8A10039B6C9 /* Study */,
				A4CB71EA22B27A300039B6C9 /* AppDelegate.swift */,
				A4CB71EC22B27A300039B6C9 /* SceneDelegate.swift */,
				A4CB71EE22B27A300039B6C9 /* ContentView.swift */,
				A4CB71F022B27A320039B6C9 /* Assets.xcassets */,
				A4CB71F522B27A320039B6C9 /* LaunchScreen.storyboard */,
				A4CB71F822B27A320039B6C9 /* Info.plist */,
				A4CB71F222B27A320039B6C9 /* Preview Content */,
			);
			path = KBSwiftUI;
			sourceTree = "<group>";
		};
		A4CB71F222B27A320039B6C9 /* Preview Content */ = {
			isa = PBXGroup;
			children = (
				A4CB71F322B27A320039B6C9 /* Preview Assets.xcassets */,
			);
			path = "Preview Content";
			sourceTree = "<group>";
		};
		A4CB71FE22B3B8A10039B6C9 /* Study */ = {
			isa = PBXGroup;
			children = (
				A498702022C20054009B3442 /* WrapperUIKit */,
				A467B0AC22BA679D004737EA /* Theme */,
				A467B0A922BA66C5004737EA /* Custom */,
				A467B09822BA38CF004737EA /* Animation */,
				A467B07722B916A2004737EA /* Gesture&Tap */,
				A400E62922B8E7DB00CA6BB3 /* View&Controls */,
				A4CB71FF22B3B8BF0039B6C9 /* Base */,
			);
			path = Study;
			sourceTree = "<group>";
		};
		A4CB71FF22B3B8BF0039B6C9 /* Base */ = {
			isa = PBXGroup;
			children = (
				A4CB720022B3B8E40039B6C9 /* KBState.swift */,
				A4A1182522B72FB8007E3741 /* KBBinding.swift */,
				A4165E5322B8DE2E009E4529 /* KBObjectBinding.swift */,
				A467B07C22B9DBD0004737EA /* KBViewLifecycleEvents.swift */,
				A467B07E22BA0AF5004737EA /* KBEnvironmentObject.swift */,
				A467B09C22BA3ED0004737EA /* KBMask.swift */,
				A49A345C22BB2C9600D98171 /* KBZStack.swift */,
			);
			path = Base;
			sourceTree = "<group>";
		};
		A4F74E1F22C206260061C103 /* MutilineTextView */ = {
			isa = PBXGroup;
			children = (
				A4F74E2022C206260061C103 /* KBMultilineTextView.swift */,
			);
			path = MutilineTextView;
			sourceTree = "<group>";
		};
/* End PBXGroup section */

/* Begin PBXNativeTarget section */
		A4CB71E622B27A300039B6C9 /* KBSwiftUI */ = {
			isa = PBXNativeTarget;
			buildConfigurationList = A4CB71FB22B27A320039B6C9 /* Build configuration list for PBXNativeTarget "KBSwiftUI" */;
			buildPhases = (
				A4CB71E322B27A300039B6C9 /* Sources */,
				A4CB71E422B27A300039B6C9 /* Frameworks */,
				A4CB71E522B27A300039B6C9 /* Resources */,
			);
			buildRules = (
			);
			dependencies = (
			);
			name = KBSwiftUI;
			productName = KBSwiftUI;
			productReference = A4CB71E722B27A300039B6C9 /* KBSwiftUI.app */;
			productType = "com.apple.product-type.application";
		};
/* End PBXNativeTarget section */

/* Begin PBXProject section */
		A4CB71DF22B27A300039B6C9 /* Project object */ = {
			isa = PBXProject;
			attributes = {
				LastSwiftUpdateCheck = 1100;
				LastUpgradeCheck = 1100;
				ORGANIZATIONNAME = "金灵波";
				TargetAttributes = {
					A4CB71E622B27A300039B6C9 = {
						CreatedOnToolsVersion = 11.0;
					};
				};
			};
			buildConfigurationList = A4CB71E222B27A300039B6C9 /* Build configuration list for PBXProject "KBSwiftUI" */;
			compatibilityVersion = "Xcode 9.3";
			developmentRegion = en;
			hasScannedForEncodings = 0;
			knownRegions = (
				en,
				Base,
			);
			mainGroup = A4CB71DE22B27A300039B6C9;
			productRefGroup = A4CB71E822B27A300039B6C9 /* Products */;
			projectDirPath = "";
			projectRoot = "";
			targets = (
				A4CB71E622B27A300039B6C9 /* KBSwiftUI */,
			);
		};
/* End PBXProject section */

/* Begin PBXResourcesBuildPhase section */
		A4CB71E522B27A300039B6C9 /* Resources */ = {
			isa = PBXResourcesBuildPhase;
			buildActionMask = 2147483647;
			files = (
				A4CB71F722B27A320039B6C9 /* LaunchScreen.storyboard in Resources */,
				A430C81122BCCA02007EC1FA /* turtlerock_feature.jpg in Resources */,
				A430C80E22BCCA02007EC1FA /* rainbowlake.jpg in Resources */,
				A430C81922BCCA02007EC1FA /* chincoteague.jpg in Resources */,
				A430C81622BCCA02007EC1FA /* stmarylake_feature.jpg in Resources */,
				A430C80922BCCA02007EC1FA /* twinlake.jpg in Resources */,
				A430C81322BCCA02007EC1FA /* hikeData.json in Resources */,
				A430C80D22BCCA02007EC1FA /* turtlerock.jpg in Resources */,
				A4CB71F422B27A320039B6C9 /* Preview Assets.xcassets in Resources */,
				A430C81722BCCA02007EC1FA /* charleyrivers.jpg in Resources */,
				A430C80822BCCA02007EC1FA /* stmarylake.jpg in Resources */,
				A430C80A22BCCA02007EC1FA /* icybay.jpg in Resources */,
				A430C80F22BCCA02007EC1FA /* lakemcdonald.jpg in Resources */,
				A430C81222BCCA02007EC1FA /* landmarkData.json in Resources */,
				A430C81522BCCA02007EC1FA /* chilkoottrail.jpg in Resources */,
				A430C81822BCCA02007EC1FA /* yukon_charleyrivers.jpg in Resources */,
				A4CB71F122B27A320039B6C9 /* Assets.xcassets in Resources */,
				A430C81422BCCA02007EC1FA /* umbagog.jpg in Resources */,
				A430C81022BCCA02007EC1FA /* silversalmoncreek.jpg in Resources */,
				A430C80C22BCCA02007EC1FA /* charleyrivers_feature.jpg in Resources */,
				A430C80B22BCCA02007EC1FA /* hiddenlake.jpg in Resources */,
			);
			runOnlyForDeploymentPostprocessing = 0;
		};
/* End PBXResourcesBuildPhase section */

/* Begin PBXSourcesBuildPhase section */
		A4CB71E322B27A300039B6C9 /* Sources */ = {
			isa = PBXSourcesBuildPhase;
			buildActionMask = 2147483647;
			files = (
				A467B0A822BA6296004737EA /* KBCombineText.swift in Sources */,
				A4F74E2122C206260061C103 /* KBMultilineTextView.swift in Sources */,
				A498701C22C1CE36009B3442 /* KBCoreMLPage.swift in Sources */,
				A42DAA6722BC79490019EEE6 /* KBButton.swift in Sources */,
				A467B0A322BA54B5004737EA /* KBSpringAnimation.swift in Sources */,
				A4165E5222B7ABBF009E4529 /* KBCountDownWidget.swift in Sources */,
				A467B07122B90EC4004737EA /* KBPicker.swift in Sources */,
				A430C82222BCCB1F007EC1FA /* KBHomePage.swift in Sources */,
				A467B08222BA0B60004737EA /* KBUserSettings.swift in Sources */,
				A467B07322B91127004737EA /* KBDatePicker.swift in Sources */,
				A48715EC22BC8A3000F53BAB /* KBScrollView.swift in Sources */,
				A454D10822C35C020017DDF8 /* KBModalView.swift in Sources */,
				A42DAA6322BBA9E70019EEE6 /* KBLoadMoreList.swift in Sources */,
				A467B07D22B9DBD0004737EA /* KBViewLifecycleEvents.swift in Sources */,
				A467B09522BA31D9004737EA /* KBPresentView.swift in Sources */,
				A467B0AB22BA66D9004737EA /* KBCustomModifiers.swift in Sources */,
				A430C81D22BCCA4B007EC1FA /* KBLandmark.swift in Sources */,
				A454D10522C34CB00017DDF8 /* KBFaceIDLogin.swift in Sources */,
				A467B0A022BA532C004737EA /* KBBasicAnimation.swift in Sources */,
				A4CB71EB22B27A300039B6C9 /* AppDelegate.swift in Sources */,
				A49A346022BB51C500D98171 /* KBTabView.swift in Sources */,
				A49A345D22BB2C9600D98171 /* KBZStack.swift in Sources */,
				A4CB71ED22B27A300039B6C9 /* SceneDelegate.swift in Sources */,
				A400E63022B904F000CA6BB3 /* KBTextField.swift in Sources */,
				A467B09722BA3795004737EA /* KBImage.swift in Sources */,
				A498702522C20378009B3442 /* KBPageView.swift in Sources */,
				A430C82922BCD98B007EC1FA /* KBLoginPage.swift in Sources */,
				A467B08722BA144A004737EA /* KBDynamicList.swift in Sources */,
				A467B09D22BA3ED0004737EA /* KBMask.swift in Sources */,
				A42DAA6A22BC84430019EEE6 /* KBGradient.swift in Sources */,
				A467B07F22BA0AF5004737EA /* KBEnvironmentObject.swift in Sources */,
				A467B08522BA12EE004737EA /* KBStaticList.swift in Sources */,
				A467B08E22BA1F29004737EA /* KBBasicForm.swift in Sources */,
				A498702222C201F7009B3442 /* KBPageViewController.swift in Sources */,
				A467B09122BA2CE4004737EA /* KBAlertView.swift in Sources */,
				A467B0A622BA5FC8004737EA /* KBTransition.swift in Sources */,
				A467B08922BA14DE004737EA /* KBListDetetRow.swift in Sources */,
				A430C81F22BCCABA007EC1FA /* KBHike.swift in Sources */,
				A49A345B22BB2B5A00D98171 /* KBShapes.swift in Sources */,
				A467B08B22BA1AE0004737EA /* KBSectionList.swift in Sources */,
				A430C82622BCD192007EC1FA /* KBCategoryRow.swift in Sources */,
				A467B09B22BA397D004737EA /* KBRotate.swift in Sources */,
				A400E62E22B8E86700CA6BB3 /* KBTextWidget.swift in Sources */,
				A4165E5422B8DE2E009E4529 /* KBObjectBinding.swift in Sources */,
				A4CB720122B3B8E40039B6C9 /* KBState.swift in Sources */,
				A430C81B22BCCA29007EC1FA /* KBData.swift in Sources */,
				A467B09322BA304A004737EA /* KBActionSheet.swift in Sources */,
				A400E63322B90D5200CA6BB3 /* KBSlider.swift in Sources */,
				A467B07922B916E5004737EA /* KBTap.swift in Sources */,
				A430C82422BCCBB3007EC1FA /* KBFeatureLandMarks.swift in Sources */,
				A4CB71EF22B27A300039B6C9 /* ContentView.swift in Sources */,
				A42DAA6522BBB68E0019EEE6 /* KBSystemImage.swift in Sources */,
				A467B07B22B9D64F004737EA /* KBGesture.swift in Sources */,
				A467B07622B913E0004737EA /* KBSegment.swift in Sources */,
				A498701F22C1F306009B3442 /* KBMessageChatPage.swift in Sources */,
				A49A345922BA68E300D98171 /* KBDartAndLightMode.swift in Sources */,
				A4A1182622B72FB8007E3741 /* KBBinding.swift in Sources */,
			);
			runOnlyForDeploymentPostprocessing = 0;
		};
/* End PBXSourcesBuildPhase section */

/* Begin PBXVariantGroup section */
		A4CB71F522B27A320039B6C9 /* LaunchScreen.storyboard */ = {
			isa = PBXVariantGroup;
			children = (
				A4CB71F622B27A320039B6C9 /* Base */,
			);
			name = LaunchScreen.storyboard;
			sourceTree = "<group>";
		};
/* End PBXVariantGroup section */

/* Begin XCBuildConfiguration section */
		A4CB71F922B27A320039B6C9 /* Debug */ = {
			isa = XCBuildConfiguration;
			buildSettings = {
				ALWAYS_SEARCH_USER_PATHS = NO;
				CLANG_ANALYZER_NONNULL = YES;
				CLANG_ANALYZER_NUMBER_OBJECT_CONVERSION = YES_AGGRESSIVE;
				CLANG_CXX_LANGUAGE_STANDARD = "gnu++14";
				CLANG_CXX_LIBRARY = "libc++";
				CLANG_ENABLE_MODULES = YES;
				CLANG_ENABLE_OBJC_ARC = YES;
				CLANG_ENABLE_OBJC_WEAK = YES;
				CLANG_WARN_BLOCK_CAPTURE_AUTORELEASING = YES;
				CLANG_WARN_BOOL_CONVERSION = YES;
				CLANG_WARN_COMMA = YES;
				CLANG_WARN_CONSTANT_CONVERSION = YES;
				CLANG_WARN_DEPRECATED_OBJC_IMPLEMENTATIONS = YES;
				CLANG_WARN_DIRECT_OBJC_ISA_USAGE = YES_ERROR;
				CLANG_WARN_DOCUMENTATION_COMMENTS = YES;
				CLANG_WARN_EMPTY_BODY = YES;
				CLANG_WARN_ENUM_CONVERSION = YES;
				CLANG_WARN_INFINITE_RECURSION = YES;
				CLANG_WARN_INT_CONVERSION = YES;
				CLANG_WARN_NON_LITERAL_NULL_CONVERSION = YES;
				CLANG_WARN_OBJC_IMPLICIT_RETAIN_SELF = YES;
				CLANG_WARN_OBJC_LITERAL_CONVERSION = YES;
				CLANG_WARN_OBJC_ROOT_CLASS = YES_ERROR;
				CLANG_WARN_RANGE_LOOP_ANALYSIS = YES;
				CLANG_WARN_STRICT_PROTOTYPES = YES;
				CLANG_WARN_SUSPICIOUS_MOVE = YES;
				CLANG_WARN_UNGUARDED_AVAILABILITY = YES_AGGRESSIVE;
				CLANG_WARN_UNREACHABLE_CODE = YES;
				CLANG_WARN__DUPLICATE_METHOD_MATCH = YES;
				COPY_PHASE_STRIP = NO;
				DEBUG_INFORMATION_FORMAT = dwarf;
				ENABLE_STRICT_OBJC_MSGSEND = YES;
				ENABLE_TESTABILITY = YES;
				GCC_C_LANGUAGE_STANDARD = gnu11;
				GCC_DYNAMIC_NO_PIC = NO;
				GCC_NO_COMMON_BLOCKS = YES;
				GCC_OPTIMIZATION_LEVEL = 0;
				GCC_PREPROCESSOR_DEFINITIONS = (
					"DEBUG=1",
					"$(inherited)",
				);
				GCC_WARN_64_TO_32_BIT_CONVERSION = YES;
				GCC_WARN_ABOUT_RETURN_TYPE = YES_ERROR;
				GCC_WARN_UNDECLARED_SELECTOR = YES;
				GCC_WARN_UNINITIALIZED_AUTOS = YES_AGGRESSIVE;
				GCC_WARN_UNUSED_FUNCTION = YES;
				GCC_WARN_UNUSED_VARIABLE = YES;
				IPHONEOS_DEPLOYMENT_TARGET = 13.0;
				MTL_ENABLE_DEBUG_INFO = INCLUDE_SOURCE;
				MTL_FAST_MATH = YES;
				ONLY_ACTIVE_ARCH = YES;
				SDKROOT = iphoneos;
				SWIFT_ACTIVE_COMPILATION_CONDITIONS = DEBUG;
				SWIFT_OPTIMIZATION_LEVEL = "-Onone";
			};
			name = Debug;
		};
		A4CB71FA22B27A320039B6C9 /* Release */ = {
			isa = XCBuildConfiguration;
			buildSettings = {
				ALWAYS_SEARCH_USER_PATHS = NO;
				CLANG_ANALYZER_NONNULL = YES;
				CLANG_ANALYZER_NUMBER_OBJECT_CONVERSION = YES_AGGRESSIVE;
				CLANG_CXX_LANGUAGE_STANDARD = "gnu++14";
				CLANG_CXX_LIBRARY = "libc++";
				CLANG_ENABLE_MODULES = YES;
				CLANG_ENABLE_OBJC_ARC = YES;
				CLANG_ENABLE_OBJC_WEAK = YES;
				CLANG_WARN_BLOCK_CAPTURE_AUTORELEASING = YES;
				CLANG_WARN_BOOL_CONVERSION = YES;
				CLANG_WARN_COMMA = YES;
				CLANG_WARN_CONSTANT_CONVERSION = YES;
				CLANG_WARN_DEPRECATED_OBJC_IMPLEMENTATIONS = YES;
				CLANG_WARN_DIRECT_OBJC_ISA_USAGE = YES_ERROR;
				CLANG_WARN_DOCUMENTATION_COMMENTS = YES;
				CLANG_WARN_EMPTY_BODY = YES;
				CLANG_WARN_ENUM_CONVERSION = YES;
				CLANG_WARN_INFINITE_RECURSION = YES;
				CLANG_WARN_INT_CONVERSION = YES;
				CLANG_WARN_NON_LITERAL_NULL_CONVERSION = YES;
				CLANG_WARN_OBJC_IMPLICIT_RETAIN_SELF = YES;
				CLANG_WARN_OBJC_LITERAL_CONVERSION = YES;
				CLANG_WARN_OBJC_ROOT_CLASS = YES_ERROR;
				CLANG_WARN_RANGE_LOOP_ANALYSIS = YES;
				CLANG_WARN_STRICT_PROTOTYPES = YES;
				CLANG_WARN_SUSPICIOUS_MOVE = YES;
				CLANG_WARN_UNGUARDED_AVAILABILITY = YES_AGGRESSIVE;
				CLANG_WARN_UNREACHABLE_CODE = YES;
				CLANG_WARN__DUPLICATE_METHOD_MATCH = YES;
				COPY_PHASE_STRIP = NO;
				DEBUG_INFORMATION_FORMAT = "dwarf-with-dsym";
				ENABLE_NS_ASSERTIONS = NO;
				ENABLE_STRICT_OBJC_MSGSEND = YES;
				GCC_C_LANGUAGE_STANDARD = gnu11;
				GCC_NO_COMMON_BLOCKS = YES;
				GCC_WARN_64_TO_32_BIT_CONVERSION = YES;
				GCC_WARN_ABOUT_RETURN_TYPE = YES_ERROR;
				GCC_WARN_UNDECLARED_SELECTOR = YES;
				GCC_WARN_UNINITIALIZED_AUTOS = YES_AGGRESSIVE;
				GCC_WARN_UNUSED_FUNCTION = YES;
				GCC_WARN_UNUSED_VARIABLE = YES;
				IPHONEOS_DEPLOYMENT_TARGET = 13.0;
				MTL_ENABLE_DEBUG_INFO = NO;
				MTL_FAST_MATH = YES;
				SDKROOT = iphoneos;
				SWIFT_COMPILATION_MODE = wholemodule;
				SWIFT_OPTIMIZATION_LEVEL = "-O";
				VALIDATE_PRODUCT = YES;
			};
			name = Release;
		};
		A4CB71FC22B27A320039B6C9 /* Debug */ = {
			isa = XCBuildConfiguration;
			buildSettings = {
				ASSETCATALOG_COMPILER_APPICON_NAME = AppIcon;
				CODE_SIGN_STYLE = Automatic;
				DEVELOPMENT_ASSET_PATHS = "KBSwiftUI/Preview\\ Content";
				ENABLE_PREVIEWS = YES;
				INFOPLIST_FILE = KBSwiftUI/Info.plist;
				LD_RUNPATH_SEARCH_PATHS = (
					"$(inherited)",
					"@executable_path/Frameworks",
				);
				PRODUCT_BUNDLE_IDENTIFIER = King.KBSwiftUI;
				PRODUCT_NAME = "$(TARGET_NAME)";
				SWIFT_VERSION = 5.0;
				TARGETED_DEVICE_FAMILY = "1,2";
			};
			name = Debug;
		};
		A4CB71FD22B27A320039B6C9 /* Release */ = {
			isa = XCBuildConfiguration;
			buildSettings = {
				ASSETCATALOG_COMPILER_APPICON_NAME = AppIcon;
				CODE_SIGN_STYLE = Automatic;
				DEVELOPMENT_ASSET_PATHS = "KBSwiftUI/Preview\\ Content";
				ENABLE_PREVIEWS = YES;
				INFOPLIST_FILE = KBSwiftUI/Info.plist;
				LD_RUNPATH_SEARCH_PATHS = (
					"$(inherited)",
					"@executable_path/Frameworks",
				);
				PRODUCT_BUNDLE_IDENTIFIER = King.KBSwiftUI;
				PRODUCT_NAME = "$(TARGET_NAME)";
				SWIFT_VERSION = 5.0;
				TARGETED_DEVICE_FAMILY = "1,2";
			};
			name = Release;
		};
/* End XCBuildConfiguration section */

/* Begin XCConfigurationList section */
		A4CB71E222B27A300039B6C9 /* Build configuration list for PBXProject "KBSwiftUI" */ = {
			isa = XCConfigurationList;
			buildConfigurations = (
				A4CB71F922B27A320039B6C9 /* Debug */,
				A4CB71FA22B27A320039B6C9 /* Release */,
			);
			defaultConfigurationIsVisible = 0;
			defaultConfigurationName = Release;
		};
		A4CB71FB22B27A320039B6C9 /* Build configuration list for PBXNativeTarget "KBSwiftUI" */ = {
			isa = XCConfigurationList;
			buildConfigurations = (
				A4CB71FC22B27A320039B6C9 /* Debug */,
				A4CB71FD22B27A320039B6C9 /* Release */,
			);
			defaultConfigurationIsVisible = 0;
			defaultConfigurationName = Release;
		};
/* End XCConfigurationList section */
	};
	rootObject = A4CB71DF22B27A300039B6C9 /* Project object */;
}
